{
  "requires": true,
  "lockfileVersion": 1,
  "dependencies": {
    "cordova-plugin-exit": {
      "version": "1.0.2",
      "resolved": "https://registry.npmjs.org/cordova-plugin-exit/-/cordova-plugin-exit-1.0.2.tgz",
      "integrity": "sha512-3qVN/7VoPZHmX1+nv/ExU0Otsp56/XM9Lud35gn3n4NTwqOHzVLC3UNYJTKHT7xopiyw22+GzHfwvXzCo16/Aw=="
    }
  }
}
